// !$*UTF8*$!
{
	archiveVersion = 1;
	classes = {
	};
	objectVersion = 50;
	objects = {

/* Begin PBXBuildFile section */
		C7D76FFD2231EE530024D921 /* AppDelegate.swift in Sources */ = {isa = PBXBuildFile; fileRef = C7D76FFC2231EE530024D921 /* AppDelegate.swift */; };
		C7D770042231EE570024D921 /* Assets.xcassets in Resources */ = {isa = PBXBuildFile; fileRef = C7D770032231EE570024D921 /* Assets.xcassets */; };
		C7D770072231EE570024D921 /* LaunchScreen.storyboard in Resources */ = {isa = PBXBuildFile; fileRef = C7D770052231EE570024D921 /* LaunchScreen.storyboard */; };
		C7D7700F2231EE7B0024D921 /* User.swift in Sources */ = {isa = PBXBuildFile; fileRef = C7D7700E2231EE7B0024D921 /* User.swift */; };
		C7D770212232188F0024D921 /* ViewController.swift in Sources */ = {isa = PBXBuildFile; fileRef = C7D7701F2232188F0024D921 /* ViewController.swift */; };
		C7D7702522321B9E0024D921 /* CustomTableViewCell.swift in Sources */ = {isa = PBXBuildFile; fileRef = C7D7702322321B9E0024D921 /* CustomTableViewCell.swift */; };
		C7D77028223223AB0024D921 /* main.storyboard in Resources */ = {isa = PBXBuildFile; fileRef = C7D77027223223AB0024D921 /* main.storyboard */; };
/* End PBXBuildFile section */

/* Begin PBXFileReference section */
		C7D76FF92231EE530024D921 /* AssessMOB-1.2.app */ = {isa = PBXFileReference; explicitFileType = wrapper.application; includeInIndex = 0; path = "AssessMOB-1.2.app"; sourceTree = BUILT_PRODUCTS_DIR; };
		C7D76FFC2231EE530024D921 /* AppDelegate.swift */ = {isa = PBXFileReference; lastKnownFileType = sourcecode.swift; path = AppDelegate.swift; sourceTree = "<group>"; };
		C7D770032231EE570024D921 /* Assets.xcassets */ = {isa = PBXFileReference; lastKnownFileType = folder.assetcatalog; path = Assets.xcassets; sourceTree = "<group>"; };
		C7D770062231EE570024D921 /* Base */ = {isa = PBXFileReference; lastKnownFileType = file.storyboard; name = Base; path = Base.lproj/LaunchScreen.storyboard; sourceTree = "<group>"; };
		C7D770082231EE570024D921 /* Info.plist */ = {isa = PBXFileReference; lastKnownFileType = text.plist.xml; path = Info.plist; sourceTree = "<group>"; };
		C7D7700E2231EE7B0024D921 /* User.swift */ = {isa = PBXFileReference; lastKnownFileType = sourcecode.swift; path = User.swift; sourceTree = "<group>"; };
		C7D7701F2232188F0024D921 /* ViewController.swift */ = {isa = PBXFileReference; lastKnownFileType = sourcecode.swift; path = ViewController.swift; sourceTree = "<group>"; };
		C7D7702322321B9E0024D921 /* CustomTableViewCell.swift */ = {isa = PBXFileReference; lastKnownFileType = sourcecode.swift; path = CustomTableViewCell.swift; sourceTree = "<group>"; };
		C7D77027223223AB0024D921 /* main.storyboard */ = {isa = PBXFileReference; lastKnownFileType = file.storyboard; path = main.storyboard; sourceTree = "<group>"; };
/* End PBXFileReference section */

/* Begin PBXFrameworksBuildPhase section */
		C7D76FF62231EE530024D921 /* Frameworks */ = {
			isa = PBXFrameworksBuildPhase;
			buildActionMask = 2147483647;
			files = (
			);
			runOnlyForDeploymentPostprocessing = 0;
		};
/* End PBXFrameworksBuildPhase section */

/* Begin PBXGroup section */
		C7D76FF02231EE530024D921 = {
			isa = PBXGroup;
			children = (
				C7D76FFB2231EE530024D921 /* AssessMOB-1.2 */,
				C7D76FFA2231EE530024D921 /* Products */,
			);
			sourceTree = "<group>";
		};
		C7D76FFA2231EE530024D921 /* Products */ = {
			isa = PBXGroup;
			children = (
				C7D76FF92231EE530024D921 /* AssessMOB-1.2.app */,
			);
			name = Products;
			sourceTree = "<group>";
		};
		C7D76FFB2231EE530024D921 /* AssessMOB-1.2 */ = {
			isa = PBXGroup;
			children = (
				C7D76FFC2231EE530024D921 /* AppDelegate.swift */,
				C7D770102231EE980024D921 /* Model */,
				C7D770182231F5720024D921 /* View */,
				C7D770112231F1810024D921 /* Controller */,
				C7D770032231EE570024D921 /* Assets.xcassets */,
				C7D770052231EE570024D921 /* LaunchScreen.storyboard */,
				C7D77027223223AB0024D921 /* main.storyboard */,
				C7D770082231EE570024D921 /* Info.plist */,
			);
			path = "AssessMOB-1.2";
			sourceTree = "<group>";
		};
		C7D770102231EE980024D921 /* Model */ = {
			isa = PBXGroup;
			children = (
				C7D7700E2231EE7B0024D921 /* User.swift */,
			);
			path = Model;
			sourceTree = "<group>";
		};
		C7D770112231F1810024D921 /* Controller */ = {
			isa = PBXGroup;
			children = (
				C7D7701F2232188F0024D921 /* ViewController.swift */,
				C7D7702322321B9E0024D921 /* CustomTableViewCell.swift */,
			);
			path = Controller;
			sourceTree = "<group>";
		};
		C7D770182231F5720024D921 /* View */ = {
			isa = PBXGroup;
			children = (
			);
			name = View;
			path = ..;
			sourceTree = "<group>";
		};
/* End PBXGroup section */

/* Begin PBXNativeTarget section */
		C7D76FF82231EE530024D921 /* AssessMOB-1.2 */ = {
			isa = PBXNativeTarget;
			buildConfigurationList = C7D7700B2231EE570024D921 /* Build configuration list for PBXNativeTarget "AssessMOB-1.2" */;
			buildPhases = (
				C7D76FF52231EE530024D921 /* Sources */,
				C7D76FF62231EE530024D921 /* Frameworks */,
				C7D76FF72231EE530024D921 /* Resources */,
			);
			buildRules = (
			);
			dependencies = (
			);
			name = "AssessMOB-1.2";
			productName = "AssessMOB-1.2";
			productReference = C7D76FF92231EE530024D921 /* AssessMOB-1.2.app */;
			productType = "com.apple.product-type.application";
		};
/* End PBXNativeTarget section */

/* Begin PBXProject section */
		C7D76FF12231EE530024D921 /* Project object */ = {
			isa = PBXProject;
			attributes = {
				LastSwiftUpdateCheck = 1010;
				LastUpgradeCheck = 1010;
				ORGANIZATIONNAME = "Maximo Hinojosa";
				TargetAttributes = {
					C7D76FF82231EE530024D921 = {
						CreatedOnToolsVersion = 10.1;
					};
				};
			};
			buildConfigurationList = C7D76FF42231EE530024D921 /* Build configuration list for PBXProject "AssessMOB-1.2" */;
			compatibilityVersion = "Xcode 9.3";
			developmentRegion = en;
			hasScannedForEncodings = 0;
			knownRegions = (
				en,
				Base,
			);
			mainGroup = C7D76FF02231EE530024D921;
			productRefGroup = C7D76FFA2231EE530024D921 /* Products */;
			projectDirPath = "";
			projectRoot = "";
			targets = (
				C7D76FF82231EE530024D921 /* AssessMOB-1.2 */,
			);
		};
/* End PBXProject section */

/* Begin PBXResourcesBuildPhase section */
		C7D76FF72231EE530024D921 /* Resources */ = {
			isa = PBXResourcesBuildPhase;
			buildActionMask = 2147483647;
			files = (
				C7D770072231EE570024D921 /* LaunchScreen.storyboard in Resources */,
				C7D770042231EE570024D921 /* Assets.xcassets in Resources */,
				C7D77028223223AB0024D921 /* main.storyboard in Resources */,
			);
			runOnlyForDeploymentPostprocessing = 0;
		};
/* End PBXResourcesBuildPhase section */

/* Begin PBXSourcesBuildPhase section */
		C7D76FF52231EE530024D921 /* Sources */ = {
			isa = PBXSourcesBuildPhase;
			buildActionMask = 2147483647;
			files = (
				C7D770212232188F0024D921 /* ViewController.swift in Sources */,
				C7D7702522321B9E0024D921 /* CustomTableViewCell.swift in Sources */,
				C7D7700F2231EE7B0024D921 /* User.swift in Sources */,
				C7D76FFD2231EE530024D921 /* AppDelegate.swift in Sources */,
			);
			runOnlyForDeploymentPostprocessing = 0;
		};
/* End PBXSourcesBuildPhase section */

/* Begin PBXVariantGroup section */
		C7D770052231EE570024D921 /* LaunchScreen.storyboard */ = {
			isa = PBXVariantGroup;
			children = (
				C7D770062231EE570024D921 /* Base */,
			);
			name = LaunchScreen.storyboard;
			sourceTree = "<group>";
		};
/* End PBXVariantGroup section */

/* Begin XCBuildConfiguration section */
		C7D770092231EE570024D921 /* Debug */ = {
			isa = XCBuildConfiguration;
			buildSettings = {
				ALWAYS_SEARCH_USER_PATHS = NO;
				CLANG_ANALYZER_NONNULL = YES;
				CLANG_ANALYZER_NUMBER_OBJECT_CONVERSION = YES_AGGRESSIVE;
				CLANG_CXX_LANGUAGE_STANDARD = "gnu++14";
				CLANG_CXX_LIBRARY = "libc++";
				CLANG_ENABLE_MODULES = YES;
				CLANG_ENABLE_OBJC_ARC = YES;
				CLANG_ENABLE_OBJC_WEAK = YES;
				CLANG_WARN_BLOCK_CAPTURE_AUTORELEASING = YES;
				CLANG_WARN_BOOL_CONVERSION = YES;
				CLANG_WARN_COMMA = YES;
				CLANG_WARN_CONSTANT_CONVERSION = YES;
				CLANG_WARN_DEPRECATED_OBJC_IMPLEMENTATIONS = YES;
				CLANG_WARN_DIRECT_OBJC_ISA_USAGE = YES_ERROR;
				CLANG_WARN_DOCUMENTATION_COMMENTS = YES;
				CLANG_WARN_EMPTY_BODY = YES;
				CLANG_WARN_ENUM_CONVERSION = YES;
				CLANG_WARN_INFINITE_RECURSION = YES;
				CLANG_WARN_INT_CONVERSION = YES;
				CLANG_WARN_NON_LITERAL_NULL_CONVERSION = YES;
				CLANG_WARN_OBJC_IMPLICIT_RETAIN_SELF = YES;
				CLANG_WARN_OBJC_LITERAL_CONVERSION = YES;
				CLANG_WARN_OBJC_ROOT_CLASS = YES_ERROR;
				CLANG_WARN_RANGE_LOOP_ANALYSIS = YES;
				CLANG_WARN_STRICT_PROTOTYPES = YES;
				CLANG_WARN_SUSPICIOUS_MOVE = YES;
				CLANG_WARN_UNGUARDED_AVAILABILITY = YES_AGGRESSIVE;
				CLANG_WARN_UNREACHABLE_CODE = YES;
				CLANG_WARN__DUPLICATE_METHOD_MATCH = YES;
				CODE_SIGN_IDENTITY = "iPhone Developer";
				COPY_PHASE_STRIP = NO;
				DEBUG_INFORMATION_FORMAT = dwarf;
				ENABLE_STRICT_OBJC_MSGSEND = YES;
				ENABLE_TESTABILITY = YES;
				GCC_C_LANGUAGE_STANDARD = gnu11;
				GCC_DYNAMIC_NO_PIC = NO;
				GCC_NO_COMMON_BLOCKS = YES;
				GCC_OPTIMIZATION_LEVEL = 0;
				GCC_PREPROCESSOR_DEFINITIONS = (
					"DEBUG=1",
					"$(inherited)",
				);
				GCC_WARN_64_TO_32_BIT_CONVERSION = YES;
				GCC_WARN_ABOUT_RETURN_TYPE = YES_ERROR;
				GCC_WARN_UNDECLARED_SELECTOR = YES;
				GCC_WARN_UNINITIALIZED_AUTOS = YES_AGGRESSIVE;
				GCC_WARN_UNUSED_FUNCTION = YES;
				GCC_WARN_UNUSED_VARIABLE = YES;
				IPHONEOS_DEPLOYMENT_TARGET = 12.1;
				MTL_ENABLE_DEBUG_INFO = INCLUDE_SOURCE;
				MTL_FAST_MATH = YES;
				ONLY_ACTIVE_ARCH = YES;
				SDKROOT = iphoneos;
				SWIFT_ACTIVE_COMPILATION_CONDITIONS = DEBUG;
				SWIFT_OPTIMIZATION_LEVEL = "-Onone";
			};
			name = Debug;
		};
		C7D7700A2231EE570024D921 /* Release */ = {
			isa = XCBuildConfiguration;
			buildSettings = {
				ALWAYS_SEARCH_USER_PATHS = NO;
				CLANG_ANALYZER_NONNULL = YES;
				CLANG_ANALYZER_NUMBER_OBJECT_CONVERSION = YES_AGGRESSIVE;
				CLANG_CXX_LANGUAGE_STANDARD = "gnu++14";
				CLANG_CXX_LIBRARY = "libc++";
				CLANG_ENABLE_MODULES = YES;
				CLANG_ENABLE_OBJC_ARC = YES;
				CLANG_ENABLE_OBJC_WEAK = YES;
				CLANG_WARN_BLOCK_CAPTURE_AUTORELEASING = YES;
				CLANG_WARN_BOOL_CONVERSION = YES;
				CLANG_WARN_COMMA = YES;
				CLANG_WARN_CONSTANT_CONVERSION = YES;
				CLANG_WARN_DEPRECATED_OBJC_IMPLEMENTATIONS = YES;
				CLANG_WARN_DIRECT_OBJC_ISA_USAGE = YES_ERROR;
				CLANG_WARN_DOCUMENTATION_COMMENTS = YES;
				CLANG_WARN_EMPTY_BODY = YES;
				CLANG_WARN_ENUM_CONVERSION = YES;
				CLANG_WARN_INFINITE_RECURSION = YES;
				CLANG_WARN_INT_CONVERSION = YES;
				CLANG_WARN_NON_LITERAL_NULL_CONVERSION = YES;
				CLANG_WARN_OBJC_IMPLICIT_RETAIN_SELF = YES;
				CLANG_WARN_OBJC_LITERAL_CONVERSION = YES;
				CLANG_WARN_OBJC_ROOT_CLASS = YES_ERROR;
				CLANG_WARN_RANGE_LOOP_ANALYSIS = YES;
				CLANG_WARN_STRICT_PROTOTYPES = YES;
				CLANG_WARN_SUSPICIOUS_MOVE = YES;
				CLANG_WARN_UNGUARDED_AVAILABILITY = YES_AGGRESSIVE;
				CLANG_WARN_UNREACHABLE_CODE = YES;
				CLANG_WARN__DUPLICATE_METHOD_MATCH = YES;
				CODE_SIGN_IDENTITY = "iPhone Developer";
				COPY_PHASE_STRIP = NO;
				DEBUG_INFORMATION_FORMAT = "dwarf-with-dsym";
				ENABLE_NS_ASSERTIONS = NO;
				ENABLE_STRICT_OBJC_MSGSEND = YES;
				GCC_C_LANGUAGE_STANDARD = gnu11;
				GCC_NO_COMMON_BLOCKS = YES;
				GCC_WARN_64_TO_32_BIT_CONVERSION = YES;
				GCC_WARN_ABOUT_RETURN_TYPE = YES_ERROR;
				GCC_WARN_UNDECLARED_SELECTOR = YES;
				GCC_WARN_UNINITIALIZED_AUTOS = YES_AGGRESSIVE;
				GCC_WARN_UNUSED_FUNCTION = YES;
				GCC_WARN_UNUSED_VARIABLE = YES;
				IPHONEOS_DEPLOYMENT_TARGET = 12.1;
				MTL_ENABLE_DEBUG_INFO = NO;
				MTL_FAST_MATH = YES;
				SDKROOT = iphoneos;
				SWIFT_COMPILATION_MODE = wholemodule;
				SWIFT_OPTIMIZATION_LEVEL = "-O";
				VALIDATE_PRODUCT = YES;
			};
			name = Release;
		};
		C7D7700C2231EE570024D921 /* Debug */ = {
			isa = XCBuildConfiguration;
			buildSettings = {
				ASSETCATALOG_COMPILER_APPICON_NAME = AppIcon;
				CODE_SIGN_STYLE = Automatic;
				DEVELOPMENT_TEAM = 2D25YZNJAC;
				INFOPLIST_FILE = "AssessMOB-1.2/Info.plist";
				LD_RUNPATH_SEARCH_PATHS = (
					"$(inherited)",
					"@executable_path/Frameworks",
				);
				PRODUCT_BUNDLE_IDENTIFIER = "Maximo-Hinojosa.AssessMOB-1-2";
				PRODUCT_NAME = "$(TARGET_NAME)";
				SWIFT_VERSION = 4.2;
				TARGETED_DEVICE_FAMILY = "1,2";
			};
			name = Debug;
		};
		C7D7700D2231EE570024D921 /* Release */ = {
			isa = XCBuildConfiguration;
			buildSettings = {
				ASSETCATALOG_COMPILER_APPICON_NAME = AppIcon;
				CODE_SIGN_STYLE = Automatic;
				DEVELOPMENT_TEAM = 2D25YZNJAC;
				INFOPLIST_FILE = "AssessMOB-1.2/Info.plist";
				LD_RUNPATH_SEARCH_PATHS = (
					"$(inherited)",
					"@executable_path/Frameworks",
				);
				PRODUCT_BUNDLE_IDENTIFIER = "Maximo-Hinojosa.AssessMOB-1-2";
				PRODUCT_NAME = "$(TARGET_NAME)";
				SWIFT_VERSION = 4.2;
				TARGETED_DEVICE_FAMILY = "1,2";
			};
			name = Release;
		};
/* End XCBuildConfiguration section */

/* Begin XCConfigurationList section */
		C7D76FF42231EE530024D921 /* Build configuration list for PBXProject "AssessMOB-1.2" */ = {
			isa = XCConfigurationList;
			buildConfigurations = (
				C7D770092231EE570024D921 /* Debug */,
				C7D7700A2231EE570024D921 /* Release */,
			);
			defaultConfigurationIsVisible = 0;
			defaultConfigurationName = Release;
		};
		C7D7700B2231EE570024D921 /* Build configuration list for PBXNativeTarget "AssessMOB-1.2" */ = {
			isa = XCConfigurationList;
			buildConfigurations = (
				C7D7700C2231EE570024D921 /* Debug */,
				C7D7700D2231EE570024D921 /* Release */,
			);
			defaultConfigurationIsVisible = 0;
			defaultConfigurationName = Release;
		};
/* End XCConfigurationList section */
	};
	rootObject = C7D76FF12231EE530024D921 /* Project object */;
}
